PODS:
  - Alamofire (5.8.1)
  - AlertToast (1.3.9)
  - DSF_QRCode (20.3.0):
    - SwiftImageReadWrite (~> 1.7.2)
    - SwiftQRCodeGenerator (~> 2.0.2)
  - SwiftImageReadWrite (1.7.2)
  - SwiftQRCodeGenerator (2.0.2)

DEPENDENCIES:
  - Alamofire
  - AlertToast
  - DSF_QRCode

SPEC REPOS:
  trunk:
    - Alamofire
    - AlertToast
    - DSF_QRCode
    - SwiftImageReadWrite
    - SwiftQRCodeGenerator

SPEC CHECKSUMS:
  Alamofire: 3ca42e259043ee0dc5c0cdd76c4bc568b8e42af7
  AlertToast: e8db15da727beff75500bcf33a78cd617f408fa1
  DSF_QRCode: 16aaf116027552a3683f3c76cfd568498b70d2cb
  SwiftImageReadWrite: ef6dfb4a78a0142a62c89cacf549623b26961fd3
  SwiftQRCodeGenerator: cc02fed209335064d0b0dd61b2a0874b9bc6bd5a

PODFILE CHECKSUM: 4259cff2661348ffefe09772c47ad4f5b79aa5e6

COCOAPODS: 1.15.2
