// !$*UTF8*$!
{
	archiveVersion = 1;
	classes = {
	};
	objectVersion = 54;
	objects = {

/* Begin PBXBuildFile section */
		058557BB273AAA24004C7B11 /* Assets.xcassets in Resources */ = {isa = PBXBuildFile; fileRef = 058557BA273AAA24004C7B11 /* Assets.xcassets */; };
		058557D9273AAEEB004C7B11 /* Preview Assets.xcassets in Resources */ = {isa = PBXBuildFile; fileRef = 058557D8273AAEEB004C7B11 /* Preview Assets.xcassets */; };
		1D0EF70F2B0DB4DD00DF6DBD /* MessageDTO.swift in Sources */ = {isa = PBXBuildFile; fileRef = 1D0EF70E2B0DB4DD00DF6DBD /* MessageDTO.swift */; };
		1D18CD962B71271100918DED /* UserNotifications.framework in Frameworks */ = {isa = PBXBuildFile; fileRef = 1D18CD952B71271100918DED /* UserNotifications.framework */; };
		1D18CD982B71271100918DED /* UserNotificationsUI.framework in Frameworks */ = {isa = PBXBuildFile; fileRef = 1D18CD972B71271100918DED /* UserNotificationsUI.framework */; };
		1D18CD9B2B71271100918DED /* NotificationViewController.swift in Sources */ = {isa = PBXBuildFile; fileRef = 1D18CD9A2B71271100918DED /* NotificationViewController.swift */; };
		1D18CD9E2B71271100918DED /* MainInterface.storyboard in Resources */ = {isa = PBXBuildFile; fileRef = 1D18CD9C2B71271100918DED /* MainInterface.storyboard */; };
		1D18CDA22B71271100918DED /* notiExtend.appex in Embed Foundation Extensions */ = {isa = PBXBuildFile; fileRef = 1D18CD942B71271100918DED /* notiExtend.appex */; settings = {ATTRIBUTES = (RemoveHeadersOnCopy, ); }; };
		1D18CDAD2B712B7700918DED /* NotificationService.swift in Sources */ = {isa = PBXBuildFile; fileRef = 1D18CDAC2B712B7700918DED /* NotificationService.swift */; };
		1D18CDB12B712B7700918DED /* notiSvc.appex in Embed Foundation Extensions */ = {isa = PBXBuildFile; fileRef = 1D18CDAA2B712B7600918DED /* notiSvc.appex */; settings = {ATTRIBUTES = (RemoveHeadersOnCopy, ); }; };
		1D18CDB52B712E0D00918DED /* NotificationDTO.swift in Sources */ = {isa = PBXBuildFile; fileRef = 1D18CD8E2B70D0E400918DED /* NotificationDTO.swift */; };
		1D301AF12AF2B4D600F9109A /* GroupView.swift in Sources */ = {isa = PBXBuildFile; fileRef = 1D301AF02AF2B4D500F9109A /* GroupView.swift */; };
		1D3B5CF52B4691B7008B95BA /* UserInfo.swift in Sources */ = {isa = PBXBuildFile; fileRef = 1D3B5CF42B4691B7008B95BA /* UserInfo.swift */; };
		1D4087722B0CAB0600B3BF77 /* GlobalVariables.swift in Sources */ = {isa = PBXBuildFile; fileRef = 1D4087712B0CAB0600B3BF77 /* GlobalVariables.swift */; };
		1D4087742B0CADA000B3BF77 /* SwiftAPI.swift in Sources */ = {isa = PBXBuildFile; fileRef = 1D4087732B0CADA000B3BF77 /* SwiftAPI.swift */; };
		1D4087762B0CC23200B3BF77 /* Group.swift in Sources */ = {isa = PBXBuildFile; fileRef = 1D4087752B0CC23200B3BF77 /* Group.swift */; };
		1D4199442B0B1ABD0078CD96 /* LoginView.swift in Sources */ = {isa = PBXBuildFile; fileRef = 1D4199432B0B1ABD0078CD96 /* LoginView.swift */; };
		1D7458102AF8CB1F00227377 /* ContactItem.swift in Sources */ = {isa = PBXBuildFile; fileRef = 1D74580F2AF8CB1F00227377 /* ContactItem.swift */; };
		1D7458122AFB893C00227377 /* MessageView.swift in Sources */ = {isa = PBXBuildFile; fileRef = 1D7458112AFB893C00227377 /* MessageView.swift */; };
		1D768CE52BF9FD5700639CA4 /* Localizable.xcstrings in Resources */ = {isa = PBXBuildFile; fileRef = 1D768CE42BF9FD5700639CA4 /* Localizable.xcstrings */; };
		1D978D542AF3E98300DF1B8F /* Tabs.swift in Sources */ = {isa = PBXBuildFile; fileRef = 1D978D532AF3E98300DF1B8F /* Tabs.swift */; };
		1D978D562AF3ECC300DF1B8F /* FriendView.swift in Sources */ = {isa = PBXBuildFile; fileRef = 1D978D552AF3ECC300DF1B8F /* FriendView.swift */; };
		1D978D582AF3EDDC00DF1B8F /* LocalView.swift in Sources */ = {isa = PBXBuildFile; fileRef = 1D978D572AF3EDDC00DF1B8F /* LocalView.swift */; };
		1DD04E632B4EE2FD00F0566D /* AppDelegate.swift in Sources */ = {isa = PBXBuildFile; fileRef = 1DD04E622B4EE2FD00F0566D /* AppDelegate.swift */; };
		1DD2D27A2B9DC82700AE55F1 /* SignUpView.swift in Sources */ = {isa = PBXBuildFile; fileRef = 1DD2D2792B9DC82700AE55F1 /* SignUpView.swift */; };
		1DDB2B212AF2B79A00DCF371 /* ExploreView.swift in Sources */ = {isa = PBXBuildFile; fileRef = 1DDB2B202AF2B79A00DCF371 /* ExploreView.swift */; };
		1DDB2B232AF2B7DF00DCF371 /* StoryView.swift in Sources */ = {isa = PBXBuildFile; fileRef = 1DDB2B222AF2B7DF00DCF371 /* StoryView.swift */; };
		2152FB042600AC8F00CF470E /* iOSApp.swift in Sources */ = {isa = PBXBuildFile; fileRef = 2152FB032600AC8F00CF470E /* iOSApp.swift */; };
		54577918621A54E276C5E57B /* Pods_AiLaAi.framework in Frameworks */ = {isa = PBXBuildFile; fileRef = 04FFE21DE52C02F895544208 /* Pods_AiLaAi.framework */; };
		7555FF83242A565900829871 /* ContentView.swift in Sources */ = {isa = PBXBuildFile; fileRef = 7555FF82242A565900829871 /* ContentView.swift */; };
/* End PBXBuildFile section */

/* Begin PBXContainerItemProxy section */
		1D18CDA02B71271100918DED /* PBXContainerItemProxy */ = {
			isa = PBXContainerItemProxy;
			containerPortal = 7555FF73242A565900829871 /* Project object */;
			proxyType = 1;
			remoteGlobalIDString = 1D18CD932B71271100918DED;
			remoteInfo = notiExtend;
		};
		1D18CDAF2B712B7700918DED /* PBXContainerItemProxy */ = {
			isa = PBXContainerItemProxy;
			containerPortal = 7555FF73242A565900829871 /* Project object */;
			proxyType = 1;
			remoteGlobalIDString = 1D18CDA92B712B7600918DED;
			remoteInfo = notiSvc;
		};
/* End PBXContainerItemProxy section */

/* Begin PBXCopyFilesBuildPhase section */
		1DD04E522B4EE09700F0566D /* Embed Foundation Extensions */ = {
			isa = PBXCopyFilesBuildPhase;
			buildActionMask = 2147483647;
			dstPath = "";
			dstSubfolderSpec = 13;
			files = (
				1D18CDA22B71271100918DED /* notiExtend.appex in Embed Foundation Extensions */,
				1D18CDB12B712B7700918DED /* notiSvc.appex in Embed Foundation Extensions */,
			);
			name = "Embed Foundation Extensions";
			runOnlyForDeploymentPostprocessing = 0;
		};
/* End PBXCopyFilesBuildPhase section */

/* Begin PBXFileReference section */
		04FFE21DE52C02F895544208 /* Pods_AiLaAi.framework */ = {isa = PBXFileReference; explicitFileType = wrapper.framework; includeInIndex = 0; path = Pods_AiLaAi.framework; sourceTree = BUILT_PRODUCTS_DIR; };
		058557BA273AAA24004C7B11 /* Assets.xcassets */ = {isa = PBXFileReference; lastKnownFileType = folder.assetcatalog; path = Assets.xcassets; sourceTree = "<group>"; };
		058557D8273AAEEB004C7B11 /* Preview Assets.xcassets */ = {isa = PBXFileReference; lastKnownFileType = folder.assetcatalog; path = "Preview Assets.xcassets"; sourceTree = "<group>"; };
		173A699AAB472E48D903AF18 /* Pods-iosApp.debug.xcconfig */ = {isa = PBXFileReference; includeInIndex = 1; lastKnownFileType = text.xcconfig; name = "Pods-iosApp.debug.xcconfig"; path = "Target Support Files/Pods-iosApp/Pods-iosApp.debug.xcconfig"; sourceTree = "<group>"; };
		1D0EF70E2B0DB4DD00DF6DBD /* MessageDTO.swift */ = {isa = PBXFileReference; lastKnownFileType = sourcecode.swift; path = MessageDTO.swift; sourceTree = "<group>"; };
		1D18CD8E2B70D0E400918DED /* NotificationDTO.swift */ = {isa = PBXFileReference; lastKnownFileType = sourcecode.swift; path = NotificationDTO.swift; sourceTree = "<group>"; };
		1D18CD942B71271100918DED /* notiExtend.appex */ = {isa = PBXFileReference; explicitFileType = "wrapper.app-extension"; includeInIndex = 0; path = notiExtend.appex; sourceTree = BUILT_PRODUCTS_DIR; };
		1D18CD952B71271100918DED /* UserNotifications.framework */ = {isa = PBXFileReference; lastKnownFileType = wrapper.framework; name = UserNotifications.framework; path = System/Library/Frameworks/UserNotifications.framework; sourceTree = SDKROOT; };
		1D18CD972B71271100918DED /* UserNotificationsUI.framework */ = {isa = PBXFileReference; lastKnownFileType = wrapper.framework; name = UserNotificationsUI.framework; path = System/Library/Frameworks/UserNotificationsUI.framework; sourceTree = SDKROOT; };
		1D18CD9A2B71271100918DED /* NotificationViewController.swift */ = {isa = PBXFileReference; lastKnownFileType = sourcecode.swift; path = NotificationViewController.swift; sourceTree = "<group>"; };
		1D18CD9D2B71271100918DED /* Base */ = {isa = PBXFileReference; lastKnownFileType = file.storyboard; name = Base; path = Base.lproj/MainInterface.storyboard; sourceTree = "<group>"; };
		1D18CD9F2B71271100918DED /* Info.plist */ = {isa = PBXFileReference; lastKnownFileType = text.plist.xml; path = Info.plist; sourceTree = "<group>"; };
		1D18CDAA2B712B7600918DED /* notiSvc.appex */ = {isa = PBXFileReference; explicitFileType = "wrapper.app-extension"; includeInIndex = 0; path = notiSvc.appex; sourceTree = BUILT_PRODUCTS_DIR; };
		1D18CDAC2B712B7700918DED /* NotificationService.swift */ = {isa = PBXFileReference; lastKnownFileType = sourcecode.swift; path = NotificationService.swift; sourceTree = "<group>"; };
		1D18CDAE2B712B7700918DED /* Info.plist */ = {isa = PBXFileReference; lastKnownFileType = text.plist.xml; path = Info.plist; sourceTree = "<group>"; };
		1D301AF02AF2B4D500F9109A /* GroupView.swift */ = {isa = PBXFileReference; lastKnownFileType = sourcecode.swift; path = GroupView.swift; sourceTree = "<group>"; };
		1D3B5CEA2B46841C008B95BA /* ExyteChat.framework */ = {isa = PBXFileReference; explicitFileType = wrapper.framework; path = ExyteChat.framework; sourceTree = BUILT_PRODUCTS_DIR; };
		1D3B5CF02B468464008B95BA /* ExyteChat.framework */ = {isa = PBXFileReference; explicitFileType = wrapper.framework; path = ExyteChat.framework; sourceTree = BUILT_PRODUCTS_DIR; };
		1D3B5CF42B4691B7008B95BA /* UserInfo.swift */ = {isa = PBXFileReference; lastKnownFileType = sourcecode.swift; path = UserInfo.swift; sourceTree = "<group>"; };
		1D4087712B0CAB0600B3BF77 /* GlobalVariables.swift */ = {isa = PBXFileReference; lastKnownFileType = sourcecode.swift; path = GlobalVariables.swift; sourceTree = "<group>"; };
		1D4087732B0CADA000B3BF77 /* SwiftAPI.swift */ = {isa = PBXFileReference; lastKnownFileType = sourcecode.swift; path = SwiftAPI.swift; sourceTree = "<group>"; };
		1D4087752B0CC23200B3BF77 /* Group.swift */ = {isa = PBXFileReference; lastKnownFileType = sourcecode.swift; path = Group.swift; sourceTree = "<group>"; };
		1D4199432B0B1ABD0078CD96 /* LoginView.swift */ = {isa = PBXFileReference; lastKnownFileType = sourcecode.swift; path = LoginView.swift; sourceTree = "<group>"; };
		1D74580F2AF8CB1F00227377 /* ContactItem.swift */ = {isa = PBXFileReference; lastKnownFileType = sourcecode.swift; path = ContactItem.swift; sourceTree = "<group>"; };
		1D7458112AFB893C00227377 /* MessageView.swift */ = {isa = PBXFileReference; lastKnownFileType = sourcecode.swift; path = MessageView.swift; sourceTree = "<group>"; };
		1D768CE42BF9FD5700639CA4 /* Localizable.xcstrings */ = {isa = PBXFileReference; lastKnownFileType = text.json.xcstrings; path = Localizable.xcstrings; sourceTree = "<group>"; };
		1D82E2612B94AE4C002A2B0D /* notiSvc.entitlements */ = {isa = PBXFileReference; lastKnownFileType = text.plist.entitlements; path = notiSvc.entitlements; sourceTree = "<group>"; };
		1D978D532AF3E98300DF1B8F /* Tabs.swift */ = {isa = PBXFileReference; lastKnownFileType = sourcecode.swift; path = Tabs.swift; sourceTree = "<group>"; };
		1D978D552AF3ECC300DF1B8F /* FriendView.swift */ = {isa = PBXFileReference; lastKnownFileType = sourcecode.swift; path = FriendView.swift; sourceTree = "<group>"; };
		1D978D572AF3EDDC00DF1B8F /* LocalView.swift */ = {isa = PBXFileReference; lastKnownFileType = sourcecode.swift; path = LocalView.swift; sourceTree = "<group>"; };
		1DD04E422B4EE00400F0566D /* AiLaAi.entitlements */ = {isa = PBXFileReference; lastKnownFileType = text.plist.entitlements; path = AiLaAi.entitlements; sourceTree = "<group>"; };
		1DD04E622B4EE2FD00F0566D /* AppDelegate.swift */ = {isa = PBXFileReference; lastKnownFileType = sourcecode.swift; path = AppDelegate.swift; sourceTree = "<group>"; };
		1DD2D2792B9DC82700AE55F1 /* SignUpView.swift */ = {isa = PBXFileReference; lastKnownFileType = sourcecode.swift; path = SignUpView.swift; sourceTree = "<group>"; };
		1DDB2B202AF2B79A00DCF371 /* ExploreView.swift */ = {isa = PBXFileReference; lastKnownFileType = sourcecode.swift; path = ExploreView.swift; sourceTree = "<group>"; };
		1DDB2B222AF2B7DF00DCF371 /* StoryView.swift */ = {isa = PBXFileReference; lastKnownFileType = sourcecode.swift; path = StoryView.swift; sourceTree = "<group>"; };
		2152FB032600AC8F00CF470E /* iOSApp.swift */ = {isa = PBXFileReference; lastKnownFileType = sourcecode.swift; path = iOSApp.swift; sourceTree = "<group>"; };
		3A235FDD42ECF0EE7DDA491D /* Pods_iosApp.framework */ = {isa = PBXFileReference; explicitFileType = wrapper.framework; includeInIndex = 0; path = Pods_iosApp.framework; sourceTree = BUILT_PRODUCTS_DIR; };
		4B57FA350E59F181F84F90DF /* Pods-AiLaAi.release.xcconfig */ = {isa = PBXFileReference; includeInIndex = 1; lastKnownFileType = text.xcconfig; name = "Pods-AiLaAi.release.xcconfig"; path = "Target Support Files/Pods-AiLaAi/Pods-AiLaAi.release.xcconfig"; sourceTree = "<group>"; };
		5750591BFFCE31918E8F78E9 /* Pods-AiLaAi.debug.xcconfig */ = {isa = PBXFileReference; includeInIndex = 1; lastKnownFileType = text.xcconfig; name = "Pods-AiLaAi.debug.xcconfig"; path = "Target Support Files/Pods-AiLaAi/Pods-AiLaAi.debug.xcconfig"; sourceTree = "<group>"; };
		5BD88AEBB65BC3C2E7EAC8A5 /* Pods-iosApp.release.xcconfig */ = {isa = PBXFileReference; includeInIndex = 1; lastKnownFileType = text.xcconfig; name = "Pods-iosApp.release.xcconfig"; path = "Target Support Files/Pods-iosApp/Pods-iosApp.release.xcconfig"; sourceTree = "<group>"; };
		7555FF7B242A565900829871 /* AiLaAi.app */ = {isa = PBXFileReference; explicitFileType = wrapper.application; includeInIndex = 0; path = AiLaAi.app; sourceTree = BUILT_PRODUCTS_DIR; };
		7555FF82242A565900829871 /* ContentView.swift */ = {isa = PBXFileReference; lastKnownFileType = sourcecode.swift; path = ContentView.swift; sourceTree = "<group>"; };
		7555FF8C242A565B00829871 /* Info.plist */ = {isa = PBXFileReference; lastKnownFileType = text.plist.xml; path = Info.plist; sourceTree = "<group>"; };
/* End PBXFileReference section */

/* Begin PBXFrameworksBuildPhase section */
		1D18CD912B71271100918DED /* Frameworks */ = {
			isa = PBXFrameworksBuildPhase;
			buildActionMask = 2147483647;
			files = (
				1D18CD982B71271100918DED /* UserNotificationsUI.framework in Frameworks */,
				1D18CD962B71271100918DED /* UserNotifications.framework in Frameworks */,
			);
			runOnlyForDeploymentPostprocessing = 0;
		};
		1D18CDA72B712B7600918DED /* Frameworks */ = {
			isa = PBXFrameworksBuildPhase;
			buildActionMask = 2147483647;
			files = (
			);
			runOnlyForDeploymentPostprocessing = 0;
		};
		65E415210D4FE3E12A51BE90 /* Frameworks */ = {
			isa = PBXFrameworksBuildPhase;
			buildActionMask = 2147483647;
			files = (
				54577918621A54E276C5E57B /* Pods_AiLaAi.framework in Frameworks */,
			);
			runOnlyForDeploymentPostprocessing = 0;
		};
/* End PBXFrameworksBuildPhase section */

/* Begin PBXGroup section */
		058557D7273AAEEB004C7B11 /* Preview Content */ = {
			isa = PBXGroup;
			children = (
				058557D8273AAEEB004C7B11 /* Preview Assets.xcassets */,
			);
			path = "Preview Content";
			sourceTree = "<group>";
		};
		1A1AB9F1E6B49BA6B8A0BEAE /* Frameworks */ = {
			isa = PBXGroup;
			children = (
				1D3B5CF02B468464008B95BA /* ExyteChat.framework */,
				1D3B5CEA2B46841C008B95BA /* ExyteChat.framework */,
				3A235FDD42ECF0EE7DDA491D /* Pods_iosApp.framework */,
				1D18CD952B71271100918DED /* UserNotifications.framework */,
				1D18CD972B71271100918DED /* UserNotificationsUI.framework */,
				04FFE21DE52C02F895544208 /* Pods_AiLaAi.framework */,
			);
			name = Frameworks;
			sourceTree = "<group>";
		};
		1D18CD992B71271100918DED /* notiExtend */ = {
			isa = PBXGroup;
			children = (
				1D18CD9A2B71271100918DED /* NotificationViewController.swift */,
				1D18CD9C2B71271100918DED /* MainInterface.storyboard */,
				1D18CD9F2B71271100918DED /* Info.plist */,
			);
			path = notiExtend;
			sourceTree = "<group>";
		};
		1D18CDAB2B712B7700918DED /* notiSvc */ = {
			isa = PBXGroup;
			children = (
				1D82E2612B94AE4C002A2B0D /* notiSvc.entitlements */,
				1D18CD8E2B70D0E400918DED /* NotificationDTO.swift */,
				1D18CDAC2B712B7700918DED /* NotificationService.swift */,
				1D18CDAE2B712B7700918DED /* Info.plist */,
			);
			path = notiSvc;
			sourceTree = "<group>";
		};
		1D92AEA62B03443E00E80178 /* api */ = {
			isa = PBXGroup;
			children = (
				1D4087712B0CAB0600B3BF77 /* GlobalVariables.swift */,
				1D4087732B0CADA000B3BF77 /* SwiftAPI.swift */,
				1D4087752B0CC23200B3BF77 /* Group.swift */,
				1D0EF70E2B0DB4DD00DF6DBD /* MessageDTO.swift */,
				1D3B5CF42B4691B7008B95BA /* UserInfo.swift */,
			);
			path = api;
			sourceTree = "<group>";
		};
		7555FF72242A565900829871 = {
			isa = PBXGroup;
			children = (
				1DD04E422B4EE00400F0566D /* AiLaAi.entitlements */,
				7555FF7D242A565900829871 /* iosApp */,
				1D18CD992B71271100918DED /* notiExtend */,
				1D18CDAB2B712B7700918DED /* notiSvc */,
				7555FF7C242A565900829871 /* Products */,
				7F55872A4343D64C5D8B522C /* Pods */,
				1A1AB9F1E6B49BA6B8A0BEAE /* Frameworks */,
			);
			sourceTree = "<group>";
		};
		7555FF7C242A565900829871 /* Products */ = {
			isa = PBXGroup;
			children = (
				7555FF7B242A565900829871 /* AiLaAi.app */,
				1D18CD942B71271100918DED /* notiExtend.appex */,
				1D18CDAA2B712B7600918DED /* notiSvc.appex */,
			);
			name = Products;
			sourceTree = "<group>";
		};
		7555FF7D242A565900829871 /* iosApp */ = {
			isa = PBXGroup;
			children = (
				1D4199432B0B1ABD0078CD96 /* LoginView.swift */,
				1DD2D2792B9DC82700AE55F1 /* SignUpView.swift */,
				1D92AEA62B03443E00E80178 /* api */,
				1D74580F2AF8CB1F00227377 /* ContactItem.swift */,
				1D301AF02AF2B4D500F9109A /* GroupView.swift */,
				1DDB2B222AF2B7DF00DCF371 /* StoryView.swift */,
				1DDB2B202AF2B79A00DCF371 /* ExploreView.swift */,
				058557BA273AAA24004C7B11 /* Assets.xcassets */,
				7555FF82242A565900829871 /* ContentView.swift */,
				7555FF8C242A565B00829871 /* Info.plist */,
				2152FB032600AC8F00CF470E /* iOSApp.swift */,
				058557D7273AAEEB004C7B11 /* Preview Content */,
				1D978D532AF3E98300DF1B8F /* Tabs.swift */,
				1D978D572AF3EDDC00DF1B8F /* LocalView.swift */,
				1D978D552AF3ECC300DF1B8F /* FriendView.swift */,
				1D7458112AFB893C00227377 /* MessageView.swift */,
				1DD04E622B4EE2FD00F0566D /* AppDelegate.swift */,
				1D768CE42BF9FD5700639CA4 /* Localizable.xcstrings */,
			);
			path = iosApp;
			sourceTree = "<group>";
		};
		7F55872A4343D64C5D8B522C /* Pods */ = {
			isa = PBXGroup;
			children = (
				173A699AAB472E48D903AF18 /* Pods-iosApp.debug.xcconfig */,
				5BD88AEBB65BC3C2E7EAC8A5 /* Pods-iosApp.release.xcconfig */,
				5750591BFFCE31918E8F78E9 /* Pods-AiLaAi.debug.xcconfig */,
				4B57FA350E59F181F84F90DF /* Pods-AiLaAi.release.xcconfig */,
			);
			path = Pods;
			sourceTree = "<group>";
		};
/* End PBXGroup section */

/* Begin PBXNativeTarget section */
		1D18CD932B71271100918DED /* notiExtend */ = {
			isa = PBXNativeTarget;
			buildConfigurationList = 1D18CDA32B71271100918DED /* Build configuration list for PBXNativeTarget "notiExtend" */;
			buildPhases = (
				1D18CD902B71271100918DED /* Sources */,
				1D18CD912B71271100918DED /* Frameworks */,
				1D18CD922B71271100918DED /* Resources */,
			);
			buildRules = (
			);
			dependencies = (
			);
			name = notiExtend;
			productName = notiExtend;
			productReference = 1D18CD942B71271100918DED /* notiExtend.appex */;
			productType = "com.apple.product-type.app-extension";
		};
		1D18CDA92B712B7600918DED /* notiSvc */ = {
			isa = PBXNativeTarget;
			buildConfigurationList = 1D18CDB22B712B7700918DED /* Build configuration list for PBXNativeTarget "notiSvc" */;
			buildPhases = (
				1D18CDA62B712B7600918DED /* Sources */,
				1D18CDA72B712B7600918DED /* Frameworks */,
				1D18CDA82B712B7600918DED /* Resources */,
			);
			buildRules = (
			);
			dependencies = (
			);
			name = notiSvc;
			productName = notiSvc;
			productReference = 1D18CDAA2B712B7600918DED /* notiSvc.appex */;
			productType = "com.apple.product-type.app-extension";
		};
		7555FF7A242A565900829871 /* AiLaAi */ = {
			isa = PBXNativeTarget;
			buildConfigurationList = 7555FFA5242A565B00829871 /* Build configuration list for PBXNativeTarget "AiLaAi" */;
			buildPhases = (
				1D45C0FDC8C7B6DA9462843C /* [CP] Check Pods Manifest.lock */,
				7555FF77242A565900829871 /* Sources */,
				7555FF79242A565900829871 /* Resources */,
				65E415210D4FE3E12A51BE90 /* Frameworks */,
				2B02C02CA129CB40466193B7 /* [CP] Embed Pods Frameworks */,
				1DD04E522B4EE09700F0566D /* Embed Foundation Extensions */,
			);
			buildRules = (
			);
			dependencies = (
				1D18CDA12B71271100918DED /* PBXTargetDependency */,
				1D18CDB02B712B7700918DED /* PBXTargetDependency */,
			);
			name = AiLaAi;
			productName = iosApp;
			productReference = 7555FF7B242A565900829871 /* AiLaAi.app */;
			productType = "com.apple.product-type.application";
		};
/* End PBXNativeTarget section */

/* Begin PBXProject section */
		7555FF73242A565900829871 /* Project object */ = {
			isa = PBXProject;
			attributes = {
				LastSwiftUpdateCheck = 1520;
				LastUpgradeCheck = 1130;
				ORGANIZATIONNAME = orgName;
				TargetAttributes = {
					1D18CD932B71271100918DED = {
						CreatedOnToolsVersion = 15.2;
					};
					1D18CDA92B712B7600918DED = {
						CreatedOnToolsVersion = 15.2;
					};
					7555FF7A242A565900829871 = {
						CreatedOnToolsVersion = 11.3.1;
					};
				};
			};
			buildConfigurationList = 7555FF76242A565900829871 /* Build configuration list for PBXProject "AiLaAi" */;
			compatibilityVersion = "Xcode 9.3";
			developmentRegion = en;
			hasScannedForEncodings = 0;
			knownRegions = (
				en,
				Base,
				vi,
			);
			mainGroup = 7555FF72242A565900829871;
			productRefGroup = 7555FF7C242A565900829871 /* Products */;
			projectDirPath = "";
			projectRoot = "";
			targets = (
				7555FF7A242A565900829871 /* AiLaAi */,
				1D18CD932B71271100918DED /* notiExtend */,
				1D18CDA92B712B7600918DED /* notiSvc */,
			);
		};
/* End PBXProject section */

/* Begin PBXResourcesBuildPhase section */
		1D18CD922B71271100918DED /* Resources */ = {
			isa = PBXResourcesBuildPhase;
			buildActionMask = 2147483647;
			files = (
				1D18CD9E2B71271100918DED /* MainInterface.storyboard in Resources */,
			);
			runOnlyForDeploymentPostprocessing = 0;
		};
		1D18CDA82B712B7600918DED /* Resources */ = {
			isa = PBXResourcesBuildPhase;
			buildActionMask = 2147483647;
			files = (
			);
			runOnlyForDeploymentPostprocessing = 0;
		};
		7555FF79242A565900829871 /* Resources */ = {
			isa = PBXResourcesBuildPhase;
			buildActionMask = 2147483647;
			files = (
				058557D9273AAEEB004C7B11 /* Preview Assets.xcassets in Resources */,
				058557BB273AAA24004C7B11 /* Assets.xcassets in Resources */,
				1D768CE52BF9FD5700639CA4 /* Localizable.xcstrings in Resources */,
			);
			runOnlyForDeploymentPostprocessing = 0;
		};
/* End PBXResourcesBuildPhase section */

/* Begin PBXShellScriptBuildPhase section */
		1D45C0FDC8C7B6DA9462843C /* [CP] Check Pods Manifest.lock */ = {
			isa = PBXShellScriptBuildPhase;
			buildActionMask = 2147483647;
			files = (
			);
			inputFileListPaths = (
			);
			inputPaths = (
				"${PODS_PODFILE_DIR_PATH}/Podfile.lock",
				"${PODS_ROOT}/Manifest.lock",
			);
			name = "[CP] Check Pods Manifest.lock";
			outputFileListPaths = (
			);
			outputPaths = (
				"$(DERIVED_FILE_DIR)/Pods-AiLaAi-checkManifestLockResult.txt",
			);
			runOnlyForDeploymentPostprocessing = 0;
			shellPath = /bin/sh;
			shellScript = "diff \"${PODS_PODFILE_DIR_PATH}/Podfile.lock\" \"${PODS_ROOT}/Manifest.lock\" > /dev/null\nif [ $? != 0 ] ; then\n    # print error to STDERR\n    echo \"error: The sandbox is not in sync with the Podfile.lock. Run 'pod install' or update your CocoaPods installation.\" >&2\n    exit 1\nfi\n# This output is used by Xcode 'outputs' to avoid re-running this script phase.\necho \"SUCCESS\" > \"${SCRIPT_OUTPUT_FILE_0}\"\n";
			showEnvVarsInLog = 0;
		};
		2B02C02CA129CB40466193B7 /* [CP] Embed Pods Frameworks */ = {
			isa = PBXShellScriptBuildPhase;
			buildActionMask = 2147483647;
			files = (
			);
			inputFileListPaths = (
				"${PODS_ROOT}/Target Support Files/Pods-AiLaAi/Pods-AiLaAi-frameworks-${CONFIGURATION}-input-files.xcfilelist",
			);
			name = "[CP] Embed Pods Frameworks";
			outputFileListPaths = (
				"${PODS_ROOT}/Target Support Files/Pods-AiLaAi/Pods-AiLaAi-frameworks-${CONFIGURATION}-output-files.xcfilelist",
			);
			runOnlyForDeploymentPostprocessing = 0;
			shellPath = /bin/sh;
			shellScript = "\"${PODS_ROOT}/Target Support Files/Pods-AiLaAi/Pods-AiLaAi-frameworks.sh\"\n";
			showEnvVarsInLog = 0;
		};
/* End PBXShellScriptBuildPhase section */

/* Begin PBXSourcesBuildPhase section */
		1D18CD902B71271100918DED /* Sources */ = {
			isa = PBXSourcesBuildPhase;
			buildActionMask = 2147483647;
			files = (
				1D18CD9B2B71271100918DED /* NotificationViewController.swift in Sources */,
			);
			runOnlyForDeploymentPostprocessing = 0;
		};
		1D18CDA62B712B7600918DED /* Sources */ = {
			isa = PBXSourcesBuildPhase;
			buildActionMask = 2147483647;
			files = (
				1D18CDB52B712E0D00918DED /* NotificationDTO.swift in Sources */,
				1D18CDAD2B712B7700918DED /* NotificationService.swift in Sources */,
			);
			runOnlyForDeploymentPostprocessing = 0;
		};
		7555FF77242A565900829871 /* Sources */ = {
			isa = PBXSourcesBuildPhase;
			buildActionMask = 2147483647;
			files = (
				1D978D562AF3ECC300DF1B8F /* FriendView.swift in Sources */,
				1DDB2B232AF2B7DF00DCF371 /* StoryView.swift in Sources */,
				2152FB042600AC8F00CF470E /* iOSApp.swift in Sources */,
				1D301AF12AF2B4D600F9109A /* GroupView.swift in Sources */,
				1D3B5CF52B4691B7008B95BA /* UserInfo.swift in Sources */,
				1D7458122AFB893C00227377 /* MessageView.swift in Sources */,
				1DDB2B212AF2B79A00DCF371 /* ExploreView.swift in Sources */,
				1D4087722B0CAB0600B3BF77 /* GlobalVariables.swift in Sources */,
				1D4087742B0CADA000B3BF77 /* SwiftAPI.swift in Sources */,
				7555FF83242A565900829871 /* ContentView.swift in Sources */,
				1D7458102AF8CB1F00227377 /* ContactItem.swift in Sources */,
				1D4087762B0CC23200B3BF77 /* Group.swift in Sources */,
				1DD2D27A2B9DC82700AE55F1 /* SignUpView.swift in Sources */,
				1D4199442B0B1ABD0078CD96 /* LoginView.swift in Sources */,
				1D0EF70F2B0DB4DD00DF6DBD /* MessageDTO.swift in Sources */,
				1D978D582AF3EDDC00DF1B8F /* LocalView.swift in Sources */,
				1DD04E632B4EE2FD00F0566D /* AppDelegate.swift in Sources */,
				1D978D542AF3E98300DF1B8F /* Tabs.swift in Sources */,
			);
			runOnlyForDeploymentPostprocessing = 0;
		};
/* End PBXSourcesBuildPhase section */

/* Begin PBXTargetDependency section */
		1D18CDA12B71271100918DED /* PBXTargetDependency */ = {
			isa = PBXTargetDependency;
			target = 1D18CD932B71271100918DED /* notiExtend */;
			targetProxy = 1D18CDA02B71271100918DED /* PBXContainerItemProxy */;
		};
		1D18CDB02B712B7700918DED /* PBXTargetDependency */ = {
			isa = PBXTargetDependency;
			target = 1D18CDA92B712B7600918DED /* notiSvc */;
			targetProxy = 1D18CDAF2B712B7700918DED /* PBXContainerItemProxy */;
		};
/* End PBXTargetDependency section */

/* Begin PBXVariantGroup section */
		1D18CD9C2B71271100918DED /* MainInterface.storyboard */ = {
			isa = PBXVariantGroup;
			children = (
				1D18CD9D2B71271100918DED /* Base */,
			);
			name = MainInterface.storyboard;
			sourceTree = "<group>";
		};
/* End PBXVariantGroup section */

/* Begin XCBuildConfiguration section */
		1D18CDA42B71271100918DED /* Debug */ = {
			isa = XCBuildConfiguration;
			buildSettings = {
				ASSETCATALOG_COMPILER_GENERATE_SWIFT_ASSET_SYMBOL_EXTENSIONS = YES;
				CLANG_CXX_LANGUAGE_STANDARD = "gnu++20";
				CODE_SIGN_STYLE = Automatic;
				CURRENT_PROJECT_VERSION = 1;
				DEBUG_INFORMATION_FORMAT = dwarf;
				DEVELOPMENT_TEAM = 43VT4X3498;
				ENABLE_USER_SCRIPT_SANDBOXING = YES;
				GCC_C_LANGUAGE_STANDARD = gnu17;
				GENERATE_INFOPLIST_FILE = YES;
				INFOPLIST_FILE = notiExtend/Info.plist;
				INFOPLIST_KEY_CFBundleDisplayName = notiExtend;
				INFOPLIST_KEY_NSHumanReadableCopyright = "Copyright © 2024 orgName. All rights reserved.";
				IPHONEOS_DEPLOYMENT_TARGET = 16.0;
				LD_RUNPATH_SEARCH_PATHS = (
					"$(inherited)",
					"@executable_path/Frameworks",
					"@executable_path/../../Frameworks",
				);
				LOCALIZATION_PREFERS_STRING_CATALOGS = YES;
				MARKETING_VERSION = 1.0;
				PRODUCT_BUNDLE_IDENTIFIER = app.ailaai.notiExtend;
				PRODUCT_NAME = "$(TARGET_NAME)";
				SKIP_INSTALL = YES;
				SWIFT_ACTIVE_COMPILATION_CONDITIONS = "DEBUG $(inherited)";
				SWIFT_EMIT_LOC_STRINGS = YES;
				SWIFT_VERSION = 5.0;
				TARGETED_DEVICE_FAMILY = "1,2";
			};
			name = Debug;
		};
		1D18CDA52B71271100918DED /* Release */ = {
			isa = XCBuildConfiguration;
			buildSettings = {
				ASSETCATALOG_COMPILER_GENERATE_SWIFT_ASSET_SYMBOL_EXTENSIONS = YES;
				CLANG_CXX_LANGUAGE_STANDARD = "gnu++20";
				CODE_SIGN_STYLE = Automatic;
				CURRENT_PROJECT_VERSION = 1;
				DEVELOPMENT_TEAM = 43VT4X3498;
				ENABLE_USER_SCRIPT_SANDBOXING = YES;
				GCC_C_LANGUAGE_STANDARD = gnu17;
				GENERATE_INFOPLIST_FILE = YES;
				INFOPLIST_FILE = notiExtend/Info.plist;
				INFOPLIST_KEY_CFBundleDisplayName = notiExtend;
				INFOPLIST_KEY_NSHumanReadableCopyright = "Copyright © 2024 orgName. All rights reserved.";
				IPHONEOS_DEPLOYMENT_TARGET = 16.0;
				LD_RUNPATH_SEARCH_PATHS = (
					"$(inherited)",
					"@executable_path/Frameworks",
					"@executable_path/../../Frameworks",
				);
				LOCALIZATION_PREFERS_STRING_CATALOGS = YES;
				MARKETING_VERSION = 1.0;
				PRODUCT_BUNDLE_IDENTIFIER = app.ailaai.notiExtend;
				PRODUCT_NAME = "$(TARGET_NAME)";
				SKIP_INSTALL = YES;
				SWIFT_EMIT_LOC_STRINGS = YES;
				SWIFT_VERSION = 5.0;
				TARGETED_DEVICE_FAMILY = "1,2";
			};
			name = Release;
		};
		1D18CDB32B712B7700918DED /* Debug */ = {
			isa = XCBuildConfiguration;
			buildSettings = {
				ASSETCATALOG_COMPILER_GENERATE_SWIFT_ASSET_SYMBOL_EXTENSIONS = YES;
				CLANG_CXX_LANGUAGE_STANDARD = "gnu++20";
				CODE_SIGN_ENTITLEMENTS = notiSvc/notiSvc.entitlements;
				CODE_SIGN_STYLE = Automatic;
				CURRENT_PROJECT_VERSION = 1;
				DEBUG_INFORMATION_FORMAT = dwarf;
				DEVELOPMENT_TEAM = 43VT4X3498;
				ENABLE_USER_SCRIPT_SANDBOXING = YES;
				GCC_C_LANGUAGE_STANDARD = gnu17;
				GENERATE_INFOPLIST_FILE = YES;
				INFOPLIST_FILE = notiSvc/Info.plist;
				INFOPLIST_KEY_CFBundleDisplayName = notiSvc;
				INFOPLIST_KEY_NSHumanReadableCopyright = "Copyright © 2024 orgName. All rights reserved.";
				IPHONEOS_DEPLOYMENT_TARGET = 16.0;
				LD_RUNPATH_SEARCH_PATHS = (
					"$(inherited)",
					"@executable_path/Frameworks",
					"@executable_path/../../Frameworks",
				);
				LOCALIZATION_PREFERS_STRING_CATALOGS = YES;
				MARKETING_VERSION = 1.0;
				PRODUCT_BUNDLE_IDENTIFIER = app.ailaai.notiSvc;
				PRODUCT_NAME = "$(TARGET_NAME)";
				SKIP_INSTALL = YES;
				SWIFT_ACTIVE_COMPILATION_CONDITIONS = "DEBUG $(inherited)";
				SWIFT_EMIT_LOC_STRINGS = YES;
				SWIFT_VERSION = 5.0;
				TARGETED_DEVICE_FAMILY = "1,2";
			};
			name = Debug;
		};
		1D18CDB42B712B7700918DED /* Release */ = {
			isa = XCBuildConfiguration;
			buildSettings = {
				ASSETCATALOG_COMPILER_GENERATE_SWIFT_ASSET_SYMBOL_EXTENSIONS = YES;
				CLANG_CXX_LANGUAGE_STANDARD = "gnu++20";
				CODE_SIGN_ENTITLEMENTS = notiSvc/notiSvc.entitlements;
				CODE_SIGN_STYLE = Automatic;
				CURRENT_PROJECT_VERSION = 1;
				DEVELOPMENT_TEAM = 43VT4X3498;
				ENABLE_USER_SCRIPT_SANDBOXING = YES;
				GCC_C_LANGUAGE_STANDARD = gnu17;
				GENERATE_INFOPLIST_FILE = YES;
				INFOPLIST_FILE = notiSvc/Info.plist;
				INFOPLIST_KEY_CFBundleDisplayName = notiSvc;
				INFOPLIST_KEY_NSHumanReadableCopyright = "Copyright © 2024 orgName. All rights reserved.";
				IPHONEOS_DEPLOYMENT_TARGET = 16.0;
				LD_RUNPATH_SEARCH_PATHS = (
					"$(inherited)",
					"@executable_path/Frameworks",
					"@executable_path/../../Frameworks",
				);
				LOCALIZATION_PREFERS_STRING_CATALOGS = YES;
				MARKETING_VERSION = 1.0;
				PRODUCT_BUNDLE_IDENTIFIER = app.ailaai.notiSvc;
				PRODUCT_NAME = "$(TARGET_NAME)";
				SKIP_INSTALL = YES;
				SWIFT_EMIT_LOC_STRINGS = YES;
				SWIFT_VERSION = 5.0;
				TARGETED_DEVICE_FAMILY = "1,2";
			};
			name = Release;
		};
		7555FFA3242A565B00829871 /* Debug */ = {
			isa = XCBuildConfiguration;
			buildSettings = {
				ALWAYS_SEARCH_USER_PATHS = NO;
				CLANG_ANALYZER_NONNULL = YES;
				CLANG_ANALYZER_NUMBER_OBJECT_CONVERSION = YES_AGGRESSIVE;
				CLANG_CXX_LANGUAGE_STANDARD = "gnu++14";
				CLANG_CXX_LIBRARY = "libc++";
				CLANG_ENABLE_MODULES = YES;
				CLANG_ENABLE_OBJC_ARC = YES;
				CLANG_ENABLE_OBJC_WEAK = YES;
				CLANG_WARN_BLOCK_CAPTURE_AUTORELEASING = YES;
				CLANG_WARN_BOOL_CONVERSION = YES;
				CLANG_WARN_COMMA = YES;
				CLANG_WARN_CONSTANT_CONVERSION = YES;
				CLANG_WARN_DEPRECATED_OBJC_IMPLEMENTATIONS = YES;
				CLANG_WARN_DIRECT_OBJC_ISA_USAGE = YES_ERROR;
				CLANG_WARN_DOCUMENTATION_COMMENTS = YES;
				CLANG_WARN_EMPTY_BODY = YES;
				CLANG_WARN_ENUM_CONVERSION = YES;
				CLANG_WARN_INFINITE_RECURSION = YES;
				CLANG_WARN_INT_CONVERSION = YES;
				CLANG_WARN_NON_LITERAL_NULL_CONVERSION = YES;
				CLANG_WARN_OBJC_IMPLICIT_RETAIN_SELF = YES;
				CLANG_WARN_OBJC_LITERAL_CONVERSION = YES;
				CLANG_WARN_OBJC_ROOT_CLASS = YES_ERROR;
				CLANG_WARN_QUOTED_INCLUDE_IN_FRAMEWORK_HEADER = YES;
				CLANG_WARN_RANGE_LOOP_ANALYSIS = YES;
				CLANG_WARN_STRICT_PROTOTYPES = YES;
				CLANG_WARN_SUSPICIOUS_MOVE = YES;
				CLANG_WARN_UNGUARDED_AVAILABILITY = YES_AGGRESSIVE;
				CLANG_WARN_UNREACHABLE_CODE = YES;
				CLANG_WARN__DUPLICATE_METHOD_MATCH = YES;
				COPY_PHASE_STRIP = NO;
				DEBUG_INFORMATION_FORMAT = "dwarf-with-dsym";
				ENABLE_STRICT_OBJC_MSGSEND = YES;
				ENABLE_TESTABILITY = YES;
				GCC_C_LANGUAGE_STANDARD = gnu11;
				GCC_DYNAMIC_NO_PIC = NO;
				GCC_NO_COMMON_BLOCKS = YES;
				GCC_OPTIMIZATION_LEVEL = 0;
				GCC_PREPROCESSOR_DEFINITIONS = (
					"DEBUG=1",
					"$(inherited)",
				);
				GCC_WARN_64_TO_32_BIT_CONVERSION = YES;
				GCC_WARN_ABOUT_RETURN_TYPE = YES_ERROR;
				GCC_WARN_UNDECLARED_SELECTOR = YES;
				GCC_WARN_UNINITIALIZED_AUTOS = YES_AGGRESSIVE;
				GCC_WARN_UNUSED_FUNCTION = YES;
				GCC_WARN_UNUSED_VARIABLE = YES;
				IPHONEOS_DEPLOYMENT_TARGET = 16.0;
				MTL_ENABLE_DEBUG_INFO = INCLUDE_SOURCE;
				MTL_FAST_MATH = YES;
				ONLY_ACTIVE_ARCH = YES;
				SDKROOT = iphoneos;
				SWIFT_ACTIVE_COMPILATION_CONDITIONS = DEBUG;
				SWIFT_OPTIMIZATION_LEVEL = "-Onone";
			};
			name = Debug;
		};
		7555FFA4242A565B00829871 /* Release */ = {
			isa = XCBuildConfiguration;
			buildSettings = {
				ALWAYS_SEARCH_USER_PATHS = NO;
				CLANG_ANALYZER_NONNULL = YES;
				CLANG_ANALYZER_NUMBER_OBJECT_CONVERSION = YES_AGGRESSIVE;
				CLANG_CXX_LANGUAGE_STANDARD = "gnu++14";
				CLANG_CXX_LIBRARY = "libc++";
				CLANG_ENABLE_MODULES = YES;
				CLANG_ENABLE_OBJC_ARC = YES;
				CLANG_ENABLE_OBJC_WEAK = YES;
				CLANG_WARN_BLOCK_CAPTURE_AUTORELEASING = YES;
				CLANG_WARN_BOOL_CONVERSION = YES;
				CLANG_WARN_COMMA = YES;
				CLANG_WARN_CONSTANT_CONVERSION = YES;
				CLANG_WARN_DEPRECATED_OBJC_IMPLEMENTATIONS = YES;
				CLANG_WARN_DIRECT_OBJC_ISA_USAGE = YES_ERROR;
				CLANG_WARN_DOCUMENTATION_COMMENTS = YES;
				CLANG_WARN_EMPTY_BODY = YES;
				CLANG_WARN_ENUM_CONVERSION = YES;
				CLANG_WARN_INFINITE_RECURSION = YES;
				CLANG_WARN_INT_CONVERSION = YES;
				CLANG_WARN_NON_LITERAL_NULL_CONVERSION = YES;
				CLANG_WARN_OBJC_IMPLICIT_RETAIN_SELF = YES;
				CLANG_WARN_OBJC_LITERAL_CONVERSION = YES;
				CLANG_WARN_OBJC_ROOT_CLASS = YES_ERROR;
				CLANG_WARN_QUOTED_INCLUDE_IN_FRAMEWORK_HEADER = YES;
				CLANG_WARN_RANGE_LOOP_ANALYSIS = YES;
				CLANG_WARN_STRICT_PROTOTYPES = YES;
				CLANG_WARN_SUSPICIOUS_MOVE = YES;
				CLANG_WARN_UNGUARDED_AVAILABILITY = YES_AGGRESSIVE;
				CLANG_WARN_UNREACHABLE_CODE = YES;
				CLANG_WARN__DUPLICATE_METHOD_MATCH = YES;
				COPY_PHASE_STRIP = NO;
				DEBUG_INFORMATION_FORMAT = "dwarf-with-dsym";
				ENABLE_NS_ASSERTIONS = NO;
				ENABLE_STRICT_OBJC_MSGSEND = YES;
				GCC_C_LANGUAGE_STANDARD = gnu11;
				GCC_NO_COMMON_BLOCKS = YES;
				GCC_WARN_64_TO_32_BIT_CONVERSION = YES;
				GCC_WARN_ABOUT_RETURN_TYPE = YES_ERROR;
				GCC_WARN_UNDECLARED_SELECTOR = YES;
				GCC_WARN_UNINITIALIZED_AUTOS = YES_AGGRESSIVE;
				GCC_WARN_UNUSED_FUNCTION = YES;
				GCC_WARN_UNUSED_VARIABLE = YES;
				IPHONEOS_DEPLOYMENT_TARGET = 16.0;
				MTL_ENABLE_DEBUG_INFO = NO;
				MTL_FAST_MATH = YES;
				SDKROOT = iphoneos;
				SWIFT_COMPILATION_MODE = wholemodule;
				SWIFT_OPTIMIZATION_LEVEL = "-O";
				VALIDATE_PRODUCT = YES;
			};
			name = Release;
		};
		7555FFA6242A565B00829871 /* Debug */ = {
			isa = XCBuildConfiguration;
			baseConfigurationReference = 5750591BFFCE31918E8F78E9 /* Pods-AiLaAi.debug.xcconfig */;
			buildSettings = {
				ALWAYS_EMBED_SWIFT_STANDARD_LIBRARIES = YES;
				ASSETCATALOG_COMPILER_APPICON_NAME = AppIcon;
				CODE_SIGN_ENTITLEMENTS = AiLaAi.entitlements;
				CODE_SIGN_STYLE = Automatic;
				DEVELOPMENT_ASSET_PATHS = "\"iosApp/Preview Content\"";
				DEVELOPMENT_TEAM = 43VT4X3498;
				ENABLE_PREVIEWS = YES;
				INFOPLIST_FILE = iosApp/Info.plist;
				LD_RUNPATH_SEARCH_PATHS = (
					"$(inherited)",
					"@executable_path/Frameworks",
				);
				PRODUCT_BUNDLE_IDENTIFIER = app.ailaai;
				PRODUCT_NAME = "$(TARGET_NAME)";
				SWIFT_VERSION = 5.0;
				TARGETED_DEVICE_FAMILY = "1,2";
			};
			name = Debug;
		};
		7555FFA7242A565B00829871 /* Release */ = {
			isa = XCBuildConfiguration;
			baseConfigurationReference = 4B57FA350E59F181F84F90DF /* Pods-AiLaAi.release.xcconfig */;
			buildSettings = {
				ALWAYS_EMBED_SWIFT_STANDARD_LIBRARIES = YES;
				ASSETCATALOG_COMPILER_APPICON_NAME = AppIcon;
				CODE_SIGN_ENTITLEMENTS = AiLaAi.entitlements;
				CODE_SIGN_STYLE = Automatic;
				DEVELOPMENT_ASSET_PATHS = "\"iosApp/Preview Content\"";
				DEVELOPMENT_TEAM = 43VT4X3498;
				ENABLE_PREVIEWS = YES;
				INFOPLIST_FILE = iosApp/Info.plist;
				LD_RUNPATH_SEARCH_PATHS = (
					"$(inherited)",
					"@executable_path/Frameworks",
				);
				PRODUCT_BUNDLE_IDENTIFIER = app.ailaai;
				PRODUCT_NAME = "$(TARGET_NAME)";
				SWIFT_VERSION = 5.0;
				TARGETED_DEVICE_FAMILY = "1,2";
			};
			name = Release;
		};
/* End XCBuildConfiguration section */

/* Begin XCConfigurationList section */
		1D18CDA32B71271100918DED /* Build configuration list for PBXNativeTarget "notiExtend" */ = {
			isa = XCConfigurationList;
			buildConfigurations = (
				1D18CDA42B71271100918DED /* Debug */,
				1D18CDA52B71271100918DED /* Release */,
			);
			defaultConfigurationIsVisible = 0;
			defaultConfigurationName = Release;
		};
		1D18CDB22B712B7700918DED /* Build configuration list for PBXNativeTarget "notiSvc" */ = {
			isa = XCConfigurationList;
			buildConfigurations = (
				1D18CDB32B712B7700918DED /* Debug */,
				1D18CDB42B712B7700918DED /* Release */,
			);
			defaultConfigurationIsVisible = 0;
			defaultConfigurationName = Release;
		};
		7555FF76242A565900829871 /* Build configuration list for PBXProject "AiLaAi" */ = {
			isa = XCConfigurationList;
			buildConfigurations = (
				7555FFA3242A565B00829871 /* Debug */,
				7555FFA4242A565B00829871 /* Release */,
			);
			defaultConfigurationIsVisible = 0;
			defaultConfigurationName = Release;
		};
		7555FFA5242A565B00829871 /* Build configuration list for PBXNativeTarget "AiLaAi" */ = {
			isa = XCConfigurationList;
			buildConfigurations = (
				7555FFA6242A565B00829871 /* Debug */,
				7555FFA7242A565B00829871 /* Release */,
			);
			defaultConfigurationIsVisible = 0;
			defaultConfigurationName = Release;
		};
/* End XCConfigurationList section */
	};
	rootObject = 7555FF73242A565900829871 /* Project object */;
}
